{
  "name": "citycar-native",
  "version": "1.0.0",
  "lockfileVersion": 3,
  "requires": true,
  "packages": {
    "": {
      "name": "citycar-native",
      "version": "1.0.0",
      "dependencies": {
        "@capacitor/core": "^6.0.0",
        "@capacitor/ios": "^6.0.0",
        "@capacitor/android": "^6.0.0"
      }
    },
    "node_modules/@capacitor/android": {
      "version": "6.1.2",
      "resolved": "https://registry.npmjs.org/@capacitor/android/-/android-6.1.2.tgz",
      "integrity": "sha512-YtO6dQv0I0pT7+W0wZzVo6D4sjC/gfVVIfN8fvnhOaYWa5WjThd9ZTFwajXAgUbW3bUQp4zQrPO5Zay4fS5zGg==",
      "peerDependencies": {
        "@capacitor/core": "^6.1.0"
      }
    },
    "node_modules/@capacitor/core": {
      "version": "6.1.2",
      "resolved": "https://registry.npmjs.org/@capacitor/core/-/core-6.1.2.tgz",
      "integrity": "sha512-xM1yPhNO+Po4RnM+T8tQ2wGgU4fD1tGaeP4aKeiT3n6TivDTEpQxf3ISI2g/YdtUUTS7a0fs4cAS61wK+9eNNyg==",
      "dependencies": {
        "tslib": "^2.1.0"
      }
    },
    "node_modules/@capacitor/ios": {
      "version": "6.1.2",
      "resolved": "https://registry.npmjs.org/@capacitor/ios/-/ios-6.1.2.tgz",
      "integrity": "sha512-HaeW68K5s+e7DZtB9uA0MZ9V0fD9bpyQ4rGVuU5qM6K9ob1d8+2E+br+3q3Hf3nZ8dKZJq2/9zQ/l5fH5rCqm+1w==",
      "peerDependencies": {
        "@capacitor/core": "^6.1.0"
      }
    },
    "node_modules/tslib": {
      "version": "2.6.2",
      "resolved": "https://registry.npmjs.org/tslib/-/tslib-2.6.2.tgz",
      "integrity": "sha512-AEYxH93jGFPn/a2iVAwW87VuUIkR1FVUKB77NwMF7nBTDkDrrT/Hpt/IrCJ0QXhW27jTBDcf5ZY7w6RiqTMw2Q=="
    }
  }
}
